
Microsoft Visual Studio Solution File, Format Version 12.00
# Visual Studio Version 16
VisualStudioVersion = 16.0.31624.102
MinimumVisualStudioVersion = 10.0.40219.1
Project("{FAE04EC0-301F-11D3-BF4B-00C04F79EFBC}") = "WindowsFormsApp1", "WindowsFormsApp1.csproj", "{F57D788E-F6E3-466C-98E3-40BB457EFD11}"
EndProject
Global
	GlobalSection(SolutionConfigurationPlatforms) = preSolution
		Debug|Any CPU = Debug|Any CPU
		Release|Any CPU = Release|Any CPU
	EndGlobalSection
	GlobalSection(ProjectConfigurationPlatforms) = postSolution
		{F57D788E-F6E3-466C-98E3-40BB457EFD11}.Debug|Any CPU.ActiveCfg = Debug|Any CPU
		{F57D788E-F6E3-466C-98E3-40BB457EFD11}.Debug|Any CPU.Build.0 = Debug|Any CPU
		{F57D788E-F6E3-466C-98E3-40BB457EFD11}.Release|Any CPU.ActiveCfg = Release|Any CPU
		{F57D788E-F6E3-466C-98E3-40BB457EFD11}.Release|Any CPU.Build.0 = Release|Any CPU
	EndGlobalSection
	GlobalSection(SolutionProperties) = preSolution
		HideSolutionNode = FALSE
	EndGlobalSection
	GlobalSection(ExtensibilityGlobals) = postSolution
		SolutionGuid = {B30DBC63-225D-4368-928B-D3F3990F825C}
	EndGlobalSection
EndGlobal
